
Microsoft Visual Studio Solution File, Format Version 12.00
# Visual Studio 15
VisualStudioVersion = 15.0.27130.2027
MinimumVisualStudioVersion = 10.0.40219.1
Project("{8BC9CEB8-8B4A-11D0-8D11-00A0C91BC942}") = "MandelbrotGmp", "MandelbrotGmp\MandelbrotGmp.vcxproj", "{1C4F7B19-20DB-45BE-B965-E78FD70739FC}"
EndProject
Global
	GlobalSection(SolutionConfigurationPlatforms) = preSolution
		Debug|x64 = Debug|x64
		Debug|x86 = Debug|x86
		Release|x64 = Release|x64
		Release|x86 = Release|x86
	EndGlobalSection
	GlobalSection(ProjectConfigurationPlatforms) = postSolution
		{1C4F7B19-20DB-45BE-B965-E78FD70739FC}.Debug|x64.ActiveCfg = Debug|x64
		{1C4F7B19-20DB-45BE-B965-E78FD70739FC}.Debug|x64.Build.0 = Debug|x64
		{1C4F7B19-20DB-45BE-B965-E78FD70739FC}.Debug|x86.ActiveCfg = Debug|Win32
		{1C4F7B19-20DB-45BE-B965-E78FD70739FC}.Debug|x86.Build.0 = Debug|Win32
		{1C4F7B19-20DB-45BE-B965-E78FD70739FC}.Release|x64.ActiveCfg = Release-Double|x64
		{1C4F7B19-20DB-45BE-B965-E78FD70739FC}.Release|x64.Build.0 = Release-Double|x64
		{1C4F7B19-20DB-45BE-B965-E78FD70739FC}.Release|x86.ActiveCfg = Release-Arbitrary|Win32
		{1C4F7B19-20DB-45BE-B965-E78FD70739FC}.Release|x86.Build.0 = Release-Arbitrary|Win32
	EndGlobalSection
	GlobalSection(SolutionProperties) = preSolution
		HideSolutionNode = FALSE
	EndGlobalSection
	GlobalSection(ExtensibilityGlobals) = postSolution
		SolutionGuid = {F5F6D403-675A-40DA-873A-569DC33214DD}
	EndGlobalSection
EndGlobal
